
Microsoft Visual Studio Solution File, Format Version 12.00
# Visual Studio Version 17
VisualStudioVersion = 17.2.32802.462
MinimumVisualStudioVersion = 10.0.40219.1
Project("{FAE04EC0-301F-11D3-BF4B-00C04F79EFBC}") = "KilencedikHet_QYZ7R7", "KilencedikHet_QYZ7R7\KilencedikHet_QYZ7R7.csproj", "{8E8F6646-3AEE-4655-8F4A-72CCC9260DEE}"
EndProject
Global
	GlobalSection(SolutionConfigurationPlatforms) = preSolution
		Debug|Any CPU = Debug|Any CPU
		Release|Any CPU = Release|Any CPU
	EndGlobalSection
	GlobalSection(ProjectConfigurationPlatforms) = postSolution
		{8E8F6646-3AEE-4655-8F4A-72CCC9260DEE}.Debug|Any CPU.ActiveCfg = Debug|Any CPU
		{8E8F6646-3AEE-4655-8F4A-72CCC9260DEE}.Debug|Any CPU.Build.0 = Debug|Any CPU
		{8E8F6646-3AEE-4655-8F4A-72CCC9260DEE}.Release|Any CPU.ActiveCfg = Release|Any CPU
		{8E8F6646-3AEE-4655-8F4A-72CCC9260DEE}.Release|Any CPU.Build.0 = Release|Any CPU
	EndGlobalSection
	GlobalSection(SolutionProperties) = preSolution
		HideSolutionNode = FALSE
	EndGlobalSection
	GlobalSection(ExtensibilityGlobals) = postSolution
		SolutionGuid = {6691E35D-10FA-4777-93C4-EB3C54C755FE}
	EndGlobalSection
EndGlobal
